// !$*UTF8*$!
{
	archiveVersion = 1;
	classes = {
	};
	objectVersion = 56;
	objects = {

/* Begin PBXBuildFile section */
		470805262C69C18F00F0E759 /* TCAApp.swift in Sources */ = {isa = PBXBuildFile; fileRef = 470805252C69C18F00F0E759 /* TCAApp.swift */; };
		470805282C69C18F00F0E759 /* ContentView.swift in Sources */ = {isa = PBXBuildFile; fileRef = 470805272C69C18F00F0E759 /* ContentView.swift */; };
		4708052A2C69C19100F0E759 /* Assets.xcassets in Resources */ = {isa = PBXBuildFile; fileRef = 470805292C69C19100F0E759 /* Assets.xcassets */; };
		4708052D2C69C19100F0E759 /* Preview Assets.xcassets in Resources */ = {isa = PBXBuildFile; fileRef = 4708052C2C69C19100F0E759 /* Preview Assets.xcassets */; };
		470805372C69C3E100F0E759 /* CounterFeature.swift in Sources */ = {isa = PBXBuildFile; fileRef = 470805362C69C3E100F0E759 /* CounterFeature.swift */; };
		47E9DF4A2C69CDB80098AA14 /* CounterView.swift in Sources */ = {isa = PBXBuildFile; fileRef = 47E9DF492C69CDB80098AA14 /* CounterView.swift */; };
		47E9DF4D2C69D0A80098AA14 /* ComposableArchitecture in Frameworks */ = {isa = PBXBuildFile; productRef = 47E9DF4C2C69D0A80098AA14 /* ComposableArchitecture */; };
		47E9DF502C69D11E0098AA14 /* TCAComposer in Frameworks */ = {isa = PBXBuildFile; productRef = 47E9DF4F2C69D11E0098AA14 /* TCAComposer */; };
		47E9DF532C69D1600098AA14 /* ComposableArchitectureExtras in Frameworks */ = {isa = PBXBuildFile; productRef = 47E9DF522C69D1600098AA14 /* ComposableArchitectureExtras */; };
		47E9DF5C2C69E0D70098AA14 /* TCATests.swift in Sources */ = {isa = PBXBuildFile; fileRef = 47E9DF5B2C69E0D70098AA14 /* TCATests.swift */; };
		47E9DF632C69E0F60098AA14 /* CounterFeatureTests.swift in Sources */ = {isa = PBXBuildFile; fileRef = 47E9DF622C69E0F60098AA14 /* CounterFeatureTests.swift */; };
		47E9DF652C69F1F10098AA14 /* NumberFactClient.swift in Sources */ = {isa = PBXBuildFile; fileRef = 47E9DF642C69F1F10098AA14 /* NumberFactClient.swift */; };
		47E9DF672C69F4CD0098AA14 /* AppFeature.swift in Sources */ = {isa = PBXBuildFile; fileRef = 47E9DF662C69F4CD0098AA14 /* AppFeature.swift */; };
/* End PBXBuildFile section */

/* Begin PBXContainerItemProxy section */
		47E9DF5D2C69E0D70098AA14 /* PBXContainerItemProxy */ = {
			isa = PBXContainerItemProxy;
			containerPortal = 4708051A2C69C18F00F0E759 /* Project object */;
			proxyType = 1;
			remoteGlobalIDString = 470805212C69C18F00F0E759;
			remoteInfo = TCA;
		};
/* End PBXContainerItemProxy section */

/* Begin PBXFileReference section */
		470805222C69C18F00F0E759 /* TCA.app */ = {isa = PBXFileReference; explicitFileType = wrapper.application; includeInIndex = 0; path = TCA.app; sourceTree = BUILT_PRODUCTS_DIR; };
		470805252C69C18F00F0E759 /* TCAApp.swift */ = {isa = PBXFileReference; lastKnownFileType = sourcecode.swift; path = TCAApp.swift; sourceTree = "<group>"; };
		470805272C69C18F00F0E759 /* ContentView.swift */ = {isa = PBXFileReference; lastKnownFileType = sourcecode.swift; path = ContentView.swift; sourceTree = "<group>"; };
		470805292C69C19100F0E759 /* Assets.xcassets */ = {isa = PBXFileReference; lastKnownFileType = folder.assetcatalog; path = Assets.xcassets; sourceTree = "<group>"; };
		4708052C2C69C19100F0E759 /* Preview Assets.xcassets */ = {isa = PBXFileReference; lastKnownFileType = folder.assetcatalog; path = "Preview Assets.xcassets"; sourceTree = "<group>"; };
		470805362C69C3E100F0E759 /* CounterFeature.swift */ = {isa = PBXFileReference; lastKnownFileType = sourcecode.swift; path = CounterFeature.swift; sourceTree = "<group>"; };
		47E9DF492C69CDB80098AA14 /* CounterView.swift */ = {isa = PBXFileReference; lastKnownFileType = sourcecode.swift; path = CounterView.swift; sourceTree = "<group>"; };
		47E9DF542C69DDC80098AA14 /* Info.plist */ = {isa = PBXFileReference; lastKnownFileType = text.plist; path = Info.plist; sourceTree = "<group>"; };
		47E9DF592C69E0D70098AA14 /* TCATests.xctest */ = {isa = PBXFileReference; explicitFileType = wrapper.cfbundle; includeInIndex = 0; path = TCATests.xctest; sourceTree = BUILT_PRODUCTS_DIR; };
		47E9DF5B2C69E0D70098AA14 /* TCATests.swift */ = {isa = PBXFileReference; lastKnownFileType = sourcecode.swift; path = TCATests.swift; sourceTree = "<group>"; };
		47E9DF622C69E0F60098AA14 /* CounterFeatureTests.swift */ = {isa = PBXFileReference; lastKnownFileType = sourcecode.swift; path = CounterFeatureTests.swift; sourceTree = "<group>"; };
		47E9DF642C69F1F10098AA14 /* NumberFactClient.swift */ = {isa = PBXFileReference; lastKnownFileType = sourcecode.swift; path = NumberFactClient.swift; sourceTree = "<group>"; };
		47E9DF662C69F4CD0098AA14 /* AppFeature.swift */ = {isa = PBXFileReference; lastKnownFileType = sourcecode.swift; path = AppFeature.swift; sourceTree = "<group>"; };
/* End PBXFileReference section */

/* Begin PBXFrameworksBuildPhase section */
		4708051F2C69C18F00F0E759 /* Frameworks */ = {
			isa = PBXFrameworksBuildPhase;
			buildActionMask = 2147483647;
			files = (
				47E9DF4D2C69D0A80098AA14 /* ComposableArchitecture in Frameworks */,
				47E9DF502C69D11E0098AA14 /* TCAComposer in Frameworks */,
				47E9DF532C69D1600098AA14 /* ComposableArchitectureExtras in Frameworks */,
			);
			runOnlyForDeploymentPostprocessing = 0;
		};
		47E9DF562C69E0D70098AA14 /* Frameworks */ = {
			isa = PBXFrameworksBuildPhase;
			buildActionMask = 2147483647;
			files = (
			);
			runOnlyForDeploymentPostprocessing = 0;
		};
/* End PBXFrameworksBuildPhase section */

/* Begin PBXGroup section */
		470805192C69C18F00F0E759 = {
			isa = PBXGroup;
			children = (
				470805242C69C18F00F0E759 /* TCA */,
				47E9DF5A2C69E0D70098AA14 /* TCATests */,
				470805232C69C18F00F0E759 /* Products */,
			);
			sourceTree = "<group>";
		};
		470805232C69C18F00F0E759 /* Products */ = {
			isa = PBXGroup;
			children = (
				470805222C69C18F00F0E759 /* TCA.app */,
				47E9DF592C69E0D70098AA14 /* TCATests.xctest */,
			);
			name = Products;
			sourceTree = "<group>";
		};
		470805242C69C18F00F0E759 /* TCA */ = {
			isa = PBXGroup;
			children = (
				47E9DF542C69DDC80098AA14 /* Info.plist */,
				470805252C69C18F00F0E759 /* TCAApp.swift */,
				470805272C69C18F00F0E759 /* ContentView.swift */,
				47E9DF492C69CDB80098AA14 /* CounterView.swift */,
				470805292C69C19100F0E759 /* Assets.xcassets */,
				4708052B2C69C19100F0E759 /* Preview Content */,
				470805362C69C3E100F0E759 /* CounterFeature.swift */,
				47E9DF642C69F1F10098AA14 /* NumberFactClient.swift */,
				47E9DF662C69F4CD0098AA14 /* AppFeature.swift */,
			);
			path = TCA;
			sourceTree = "<group>";
		};
		4708052B2C69C19100F0E759 /* Preview Content */ = {
			isa = PBXGroup;
			children = (
				4708052C2C69C19100F0E759 /* Preview Assets.xcassets */,
			);
			path = "Preview Content";
			sourceTree = "<group>";
		};
		47E9DF5A2C69E0D70098AA14 /* TCATests */ = {
			isa = PBXGroup;
			children = (
				47E9DF5B2C69E0D70098AA14 /* TCATests.swift */,
				47E9DF622C69E0F60098AA14 /* CounterFeatureTests.swift */,
			);
			path = TCATests;
			sourceTree = "<group>";
		};
/* End PBXGroup section */

/* Begin PBXNativeTarget section */
		470805212C69C18F00F0E759 /* TCA */ = {
			isa = PBXNativeTarget;
			buildConfigurationList = 470805302C69C19100F0E759 /* Build configuration list for PBXNativeTarget "TCA" */;
			buildPhases = (
				4708051E2C69C18F00F0E759 /* Sources */,
				4708051F2C69C18F00F0E759 /* Frameworks */,
				470805202C69C18F00F0E759 /* Resources */,
			);
			buildRules = (
			);
			dependencies = (
			);
			name = TCA;
			packageProductDependencies = (
				47E9DF4C2C69D0A80098AA14 /* ComposableArchitecture */,
				47E9DF4F2C69D11E0098AA14 /* TCAComposer */,
				47E9DF522C69D1600098AA14 /* ComposableArchitectureExtras */,
			);
			productName = TCA;
			productReference = 470805222C69C18F00F0E759 /* TCA.app */;
			productType = "com.apple.product-type.application";
		};
		47E9DF582C69E0D70098AA14 /* TCATests */ = {
			isa = PBXNativeTarget;
			buildConfigurationList = 47E9DF5F2C69E0D70098AA14 /* Build configuration list for PBXNativeTarget "TCATests" */;
			buildPhases = (
				47E9DF552C69E0D70098AA14 /* Sources */,
				47E9DF562C69E0D70098AA14 /* Frameworks */,
				47E9DF572C69E0D70098AA14 /* Resources */,
			);
			buildRules = (
			);
			dependencies = (
				47E9DF5E2C69E0D70098AA14 /* PBXTargetDependency */,
			);
			name = TCATests;
			productName = TCATests;
			productReference = 47E9DF592C69E0D70098AA14 /* TCATests.xctest */;
			productType = "com.apple.product-type.bundle.unit-test";
		};
/* End PBXNativeTarget section */

/* Begin PBXProject section */
		4708051A2C69C18F00F0E759 /* Project object */ = {
			isa = PBXProject;
			attributes = {
				BuildIndependentTargetsInParallel = 1;
				LastSwiftUpdateCheck = 1540;
				LastUpgradeCheck = 1540;
				TargetAttributes = {
					470805212C69C18F00F0E759 = {
						CreatedOnToolsVersion = 15.4;
					};
					47E9DF582C69E0D70098AA14 = {
						CreatedOnToolsVersion = 15.4;
						TestTargetID = 470805212C69C18F00F0E759;
					};
				};
			};
			buildConfigurationList = 4708051D2C69C18F00F0E759 /* Build configuration list for PBXProject "TCA" */;
			compatibilityVersion = "Xcode 14.0";
			developmentRegion = en;
			hasScannedForEncodings = 0;
			knownRegions = (
				en,
				Base,
			);
			mainGroup = 470805192C69C18F00F0E759;
			packageReferences = (
				47E9DF4B2C69D0A80098AA14 /* XCRemoteSwiftPackageReference "swift-composable-architecture" */,
				47E9DF4E2C69D11E0098AA14 /* XCRemoteSwiftPackageReference "tca-composer" */,
				47E9DF512C69D1600098AA14 /* XCRemoteSwiftPackageReference "swift-composable-architecture-extras" */,
			);
			productRefGroup = 470805232C69C18F00F0E759 /* Products */;
			projectDirPath = "";
			projectRoot = "";
			targets = (
				470805212C69C18F00F0E759 /* TCA */,
				47E9DF582C69E0D70098AA14 /* TCATests */,
			);
		};
/* End PBXProject section */

/* Begin PBXResourcesBuildPhase section */
		470805202C69C18F00F0E759 /* Resources */ = {
			isa = PBXResourcesBuildPhase;
			buildActionMask = 2147483647;
			files = (
				4708052D2C69C19100F0E759 /* Preview Assets.xcassets in Resources */,
				4708052A2C69C19100F0E759 /* Assets.xcassets in Resources */,
			);
			runOnlyForDeploymentPostprocessing = 0;
		};
		47E9DF572C69E0D70098AA14 /* Resources */ = {
			isa = PBXResourcesBuildPhase;
			buildActionMask = 2147483647;
			files = (
			);
			runOnlyForDeploymentPostprocessing = 0;
		};
/* End PBXResourcesBuildPhase section */

/* Begin PBXSourcesBuildPhase section */
		4708051E2C69C18F00F0E759 /* Sources */ = {
			isa = PBXSourcesBuildPhase;
			buildActionMask = 2147483647;
			files = (
				47E9DF672C69F4CD0098AA14 /* AppFeature.swift in Sources */,
				47E9DF652C69F1F10098AA14 /* NumberFactClient.swift in Sources */,
				470805372C69C3E100F0E759 /* CounterFeature.swift in Sources */,
				470805282C69C18F00F0E759 /* ContentView.swift in Sources */,
				470805262C69C18F00F0E759 /* TCAApp.swift in Sources */,
				47E9DF4A2C69CDB80098AA14 /* CounterView.swift in Sources */,
			);
			runOnlyForDeploymentPostprocessing = 0;
		};
		47E9DF552C69E0D70098AA14 /* Sources */ = {
			isa = PBXSourcesBuildPhase;
			buildActionMask = 2147483647;
			files = (
				47E9DF5C2C69E0D70098AA14 /* TCATests.swift in Sources */,
				47E9DF632C69E0F60098AA14 /* CounterFeatureTests.swift in Sources */,
			);
			runOnlyForDeploymentPostprocessing = 0;
		};
/* End PBXSourcesBuildPhase section */

/* Begin PBXTargetDependency section */
		47E9DF5E2C69E0D70098AA14 /* PBXTargetDependency */ = {
			isa = PBXTargetDependency;
			target = 470805212C69C18F00F0E759 /* TCA */;
			targetProxy = 47E9DF5D2C69E0D70098AA14 /* PBXContainerItemProxy */;
		};
/* End PBXTargetDependency section */

/* Begin XCBuildConfiguration section */
		4708052E2C69C19100F0E759 /* Debug */ = {
			isa = XCBuildConfiguration;
			buildSettings = {
				ALWAYS_SEARCH_USER_PATHS = NO;
				ASSETCATALOG_COMPILER_GENERATE_SWIFT_ASSET_SYMBOL_EXTENSIONS = YES;
				CLANG_ANALYZER_NONNULL = YES;
				CLANG_ANALYZER_NUMBER_OBJECT_CONVERSION = YES_AGGRESSIVE;
				CLANG_CXX_LANGUAGE_STANDARD = "gnu++20";
				CLANG_ENABLE_MODULES = YES;
				CLANG_ENABLE_OBJC_ARC = YES;
				CLANG_ENABLE_OBJC_WEAK = YES;
				CLANG_WARN_BLOCK_CAPTURE_AUTORELEASING = YES;
				CLANG_WARN_BOOL_CONVERSION = YES;
				CLANG_WARN_COMMA = YES;
				CLANG_WARN_CONSTANT_CONVERSION = YES;
				CLANG_WARN_DEPRECATED_OBJC_IMPLEMENTATIONS = YES;
				CLANG_WARN_DIRECT_OBJC_ISA_USAGE = YES_ERROR;
				CLANG_WARN_DOCUMENTATION_COMMENTS = YES;
				CLANG_WARN_EMPTY_BODY = YES;
				CLANG_WARN_ENUM_CONVERSION = YES;
				CLANG_WARN_INFINITE_RECURSION = YES;
				CLANG_WARN_INT_CONVERSION = YES;
				CLANG_WARN_NON_LITERAL_NULL_CONVERSION = YES;
				CLANG_WARN_OBJC_IMPLICIT_RETAIN_SELF = YES;
				CLANG_WARN_OBJC_LITERAL_CONVERSION = YES;
				CLANG_WARN_OBJC_ROOT_CLASS = YES_ERROR;
				CLANG_WARN_QUOTED_INCLUDE_IN_FRAMEWORK_HEADER = YES;
				CLANG_WARN_RANGE_LOOP_ANALYSIS = YES;
				CLANG_WARN_STRICT_PROTOTYPES = YES;
				CLANG_WARN_SUSPICIOUS_MOVE = YES;
				CLANG_WARN_UNGUARDED_AVAILABILITY = YES_AGGRESSIVE;
				CLANG_WARN_UNREACHABLE_CODE = YES;
				CLANG_WARN__DUPLICATE_METHOD_MATCH = YES;
				COPY_PHASE_STRIP = NO;
				DEBUG_INFORMATION_FORMAT = dwarf;
				ENABLE_STRICT_OBJC_MSGSEND = YES;
				ENABLE_TESTABILITY = YES;
				ENABLE_USER_SCRIPT_SANDBOXING = YES;
				GCC_C_LANGUAGE_STANDARD = gnu17;
				GCC_DYNAMIC_NO_PIC = NO;
				GCC_NO_COMMON_BLOCKS = YES;
				GCC_OPTIMIZATION_LEVEL = 0;
				GCC_PREPROCESSOR_DEFINITIONS = (
					"DEBUG=1",
					"$(inherited)",
				);
				GCC_WARN_64_TO_32_BIT_CONVERSION = YES;
				GCC_WARN_ABOUT_RETURN_TYPE = YES_ERROR;
				GCC_WARN_UNDECLARED_SELECTOR = YES;
				GCC_WARN_UNINITIALIZED_AUTOS = YES_AGGRESSIVE;
				GCC_WARN_UNUSED_FUNCTION = YES;
				GCC_WARN_UNUSED_VARIABLE = YES;
				IPHONEOS_DEPLOYMENT_TARGET = 17.5;
				LOCALIZATION_PREFERS_STRING_CATALOGS = YES;
				MTL_ENABLE_DEBUG_INFO = INCLUDE_SOURCE;
				MTL_FAST_MATH = YES;
				ONLY_ACTIVE_ARCH = YES;
				SDKROOT = iphoneos;
				SWIFT_ACTIVE_COMPILATION_CONDITIONS = "DEBUG $(inherited)";
				SWIFT_OPTIMIZATION_LEVEL = "-Onone";
			};
			name = Debug;
		};
		4708052F2C69C19100F0E759 /* Release */ = {
			isa = XCBuildConfiguration;
			buildSettings = {
				ALWAYS_SEARCH_USER_PATHS = NO;
				ASSETCATALOG_COMPILER_GENERATE_SWIFT_ASSET_SYMBOL_EXTENSIONS = YES;
				CLANG_ANALYZER_NONNULL = YES;
				CLANG_ANALYZER_NUMBER_OBJECT_CONVERSION = YES_AGGRESSIVE;
				CLANG_CXX_LANGUAGE_STANDARD = "gnu++20";
				CLANG_ENABLE_MODULES = YES;
				CLANG_ENABLE_OBJC_ARC = YES;
				CLANG_ENABLE_OBJC_WEAK = YES;
				CLANG_WARN_BLOCK_CAPTURE_AUTORELEASING = YES;
				CLANG_WARN_BOOL_CONVERSION = YES;
				CLANG_WARN_COMMA = YES;
				CLANG_WARN_CONSTANT_CONVERSION = YES;
				CLANG_WARN_DEPRECATED_OBJC_IMPLEMENTATIONS = YES;
				CLANG_WARN_DIRECT_OBJC_ISA_USAGE = YES_ERROR;
				CLANG_WARN_DOCUMENTATION_COMMENTS = YES;
				CLANG_WARN_EMPTY_BODY = YES;
				CLANG_WARN_ENUM_CONVERSION = YES;
				CLANG_WARN_INFINITE_RECURSION = YES;
				CLANG_WARN_INT_CONVERSION = YES;
				CLANG_WARN_NON_LITERAL_NULL_CONVERSION = YES;
				CLANG_WARN_OBJC_IMPLICIT_RETAIN_SELF = YES;
				CLANG_WARN_OBJC_LITERAL_CONVERSION = YES;
				CLANG_WARN_OBJC_ROOT_CLASS = YES_ERROR;
				CLANG_WARN_QUOTED_INCLUDE_IN_FRAMEWORK_HEADER = YES;
				CLANG_WARN_RANGE_LOOP_ANALYSIS = YES;
				CLANG_WARN_STRICT_PROTOTYPES = YES;
				CLANG_WARN_SUSPICIOUS_MOVE = YES;
				CLANG_WARN_UNGUARDED_AVAILABILITY = YES_AGGRESSIVE;
				CLANG_WARN_UNREACHABLE_CODE = YES;
				CLANG_WARN__DUPLICATE_METHOD_MATCH = YES;
				COPY_PHASE_STRIP = NO;
				DEBUG_INFORMATION_FORMAT = "dwarf-with-dsym";
				ENABLE_NS_ASSERTIONS = NO;
				ENABLE_STRICT_OBJC_MSGSEND = YES;
				ENABLE_USER_SCRIPT_SANDBOXING = YES;
				GCC_C_LANGUAGE_STANDARD = gnu17;
				GCC_NO_COMMON_BLOCKS = YES;
				GCC_WARN_64_TO_32_BIT_CONVERSION = YES;
				GCC_WARN_ABOUT_RETURN_TYPE = YES_ERROR;
				GCC_WARN_UNDECLARED_SELECTOR = YES;
				GCC_WARN_UNINITIALIZED_AUTOS = YES_AGGRESSIVE;
				GCC_WARN_UNUSED_FUNCTION = YES;
				GCC_WARN_UNUSED_VARIABLE = YES;
				IPHONEOS_DEPLOYMENT_TARGET = 17.5;
				LOCALIZATION_PREFERS_STRING_CATALOGS = YES;
				MTL_ENABLE_DEBUG_INFO = NO;
				MTL_FAST_MATH = YES;
				SDKROOT = iphoneos;
				SWIFT_COMPILATION_MODE = wholemodule;
				VALIDATE_PRODUCT = YES;
			};
			name = Release;
		};
		470805312C69C19100F0E759 /* Debug */ = {
			isa = XCBuildConfiguration;
			buildSettings = {
				ASSETCATALOG_COMPILER_APPICON_NAME = AppIcon;
				ASSETCATALOG_COMPILER_GLOBAL_ACCENT_COLOR_NAME = AccentColor;
				CODE_SIGN_STYLE = Automatic;
				CURRENT_PROJECT_VERSION = 1;
				DEVELOPMENT_ASSET_PATHS = "\"TCA/Preview Content\"";
				DEVELOPMENT_TEAM = P4D4ZQC4YF;
				ENABLE_PREVIEWS = YES;
				GENERATE_INFOPLIST_FILE = YES;
				INFOPLIST_FILE = TCA/Info.plist;
				INFOPLIST_KEY_UIApplicationSceneManifest_Generation = YES;
				INFOPLIST_KEY_UIApplicationSupportsIndirectInputEvents = YES;
				INFOPLIST_KEY_UILaunchScreen_Generation = YES;
				INFOPLIST_KEY_UISupportedInterfaceOrientations_iPad = "UIInterfaceOrientationPortrait UIInterfaceOrientationPortraitUpsideDown UIInterfaceOrientationLandscapeLeft UIInterfaceOrientationLandscapeRight";
				INFOPLIST_KEY_UISupportedInterfaceOrientations_iPhone = "UIInterfaceOrientationPortrait UIInterfaceOrientationLandscapeLeft UIInterfaceOrientationLandscapeRight";
				LD_RUNPATH_SEARCH_PATHS = (
					"$(inherited)",
					"@executable_path/Frameworks",
				);
				MARKETING_VERSION = 1.0;
				PRODUCT_BUNDLE_IDENTIFIER = test.TCA;
				PRODUCT_NAME = "$(TARGET_NAME)";
				SWIFT_EMIT_LOC_STRINGS = YES;
				SWIFT_VERSION = 5.0;
				TARGETED_DEVICE_FAMILY = "1,2";
			};
			name = Debug;
		};
		470805322C69C19100F0E759 /* Release */ = {
			isa = XCBuildConfiguration;
			buildSettings = {
				ASSETCATALOG_COMPILER_APPICON_NAME = AppIcon;
				ASSETCATALOG_COMPILER_GLOBAL_ACCENT_COLOR_NAME = AccentColor;
				CODE_SIGN_STYLE = Automatic;
				CURRENT_PROJECT_VERSION = 1;
				DEVELOPMENT_ASSET_PATHS = "\"TCA/Preview Content\"";
				DEVELOPMENT_TEAM = P4D4ZQC4YF;
				ENABLE_PREVIEWS = YES;
				GENERATE_INFOPLIST_FILE = YES;
				INFOPLIST_FILE = TCA/Info.plist;
				INFOPLIST_KEY_UIApplicationSceneManifest_Generation = YES;
				INFOPLIST_KEY_UIApplicationSupportsIndirectInputEvents = YES;
				INFOPLIST_KEY_UILaunchScreen_Generation = YES;
				INFOPLIST_KEY_UISupportedInterfaceOrientations_iPad = "UIInterfaceOrientationPortrait UIInterfaceOrientationPortraitUpsideDown UIInterfaceOrientationLandscapeLeft UIInterfaceOrientationLandscapeRight";
				INFOPLIST_KEY_UISupportedInterfaceOrientations_iPhone = "UIInterfaceOrientationPortrait UIInterfaceOrientationLandscapeLeft UIInterfaceOrientationLandscapeRight";
				LD_RUNPATH_SEARCH_PATHS = (
					"$(inherited)",
					"@executable_path/Frameworks",
				);
				MARKETING_VERSION = 1.0;
				PRODUCT_BUNDLE_IDENTIFIER = test.TCA;
				PRODUCT_NAME = "$(TARGET_NAME)";
				SWIFT_EMIT_LOC_STRINGS = YES;
				SWIFT_VERSION = 5.0;
				TARGETED_DEVICE_FAMILY = "1,2";
			};
			name = Release;
		};
		47E9DF602C69E0D70098AA14 /* Debug */ = {
			isa = XCBuildConfiguration;
			buildSettings = {
				BUNDLE_LOADER = "$(TEST_HOST)";
				CODE_SIGN_STYLE = Automatic;
				CURRENT_PROJECT_VERSION = 1;
				DEVELOPMENT_TEAM = P4D4ZQC4YF;
				GENERATE_INFOPLIST_FILE = YES;
				MARKETING_VERSION = 1.0;
				PRODUCT_BUNDLE_IDENTIFIER = test.TCATests;
				PRODUCT_NAME = "$(TARGET_NAME)";
				SWIFT_EMIT_LOC_STRINGS = NO;
				SWIFT_VERSION = 5.0;
				TARGETED_DEVICE_FAMILY = "1,2";
				TEST_HOST = "$(BUILT_PRODUCTS_DIR)/TCA.app/$(BUNDLE_EXECUTABLE_FOLDER_PATH)/TCA";
			};
			name = Debug;
		};
		47E9DF612C69E0D70098AA14 /* Release */ = {
			isa = XCBuildConfiguration;
			buildSettings = {
				BUNDLE_LOADER = "$(TEST_HOST)";
				CODE_SIGN_STYLE = Automatic;
				CURRENT_PROJECT_VERSION = 1;
				DEVELOPMENT_TEAM = P4D4ZQC4YF;
				GENERATE_INFOPLIST_FILE = YES;
				MARKETING_VERSION = 1.0;
				PRODUCT_BUNDLE_IDENTIFIER = test.TCATests;
				PRODUCT_NAME = "$(TARGET_NAME)";
				SWIFT_EMIT_LOC_STRINGS = NO;
				SWIFT_VERSION = 5.0;
				TARGETED_DEVICE_FAMILY = "1,2";
				TEST_HOST = "$(BUILT_PRODUCTS_DIR)/TCA.app/$(BUNDLE_EXECUTABLE_FOLDER_PATH)/TCA";
			};
			name = Release;
		};
/* End XCBuildConfiguration section */

/* Begin XCConfigurationList section */
		4708051D2C69C18F00F0E759 /* Build configuration list for PBXProject "TCA" */ = {
			isa = XCConfigurationList;
			buildConfigurations = (
				4708052E2C69C19100F0E759 /* Debug */,
				4708052F2C69C19100F0E759 /* Release */,
			);
			defaultConfigurationIsVisible = 0;
			defaultConfigurationName = Release;
		};
		470805302C69C19100F0E759 /* Build configuration list for PBXNativeTarget "TCA" */ = {
			isa = XCConfigurationList;
			buildConfigurations = (
				470805312C69C19100F0E759 /* Debug */,
				470805322C69C19100F0E759 /* Release */,
			);
			defaultConfigurationIsVisible = 0;
			defaultConfigurationName = Release;
		};
		47E9DF5F2C69E0D70098AA14 /* Build configuration list for PBXNativeTarget "TCATests" */ = {
			isa = XCConfigurationList;
			buildConfigurations = (
				47E9DF602C69E0D70098AA14 /* Debug */,
				47E9DF612C69E0D70098AA14 /* Release */,
			);
			defaultConfigurationIsVisible = 0;
			defaultConfigurationName = Release;
		};
/* End XCConfigurationList section */

/* Begin XCRemoteSwiftPackageReference section */
		47E9DF4B2C69D0A80098AA14 /* XCRemoteSwiftPackageReference "swift-composable-architecture" */ = {
			isa = XCRemoteSwiftPackageReference;
			repositoryURL = "https://github.com/pointfreeco/swift-composable-architecture";
			requirement = {
				kind = upToNextMajorVersion;
				minimumVersion = 1.12.1;
			};
		};
		47E9DF4E2C69D11E0098AA14 /* XCRemoteSwiftPackageReference "tca-composer" */ = {
			isa = XCRemoteSwiftPackageReference;
			repositoryURL = "https://github.com/mentalflux/tca-composer";
			requirement = {
				kind = upToNextMajorVersion;
				minimumVersion = 0.4.1;
			};
		};
		47E9DF512C69D1600098AA14 /* XCRemoteSwiftPackageReference "swift-composable-architecture-extras" */ = {
			isa = XCRemoteSwiftPackageReference;
			repositoryURL = "https://github.com/Ryu0118/swift-composable-architecture-extras";
			requirement = {
				kind = upToNextMajorVersion;
				minimumVersion = 1.4.0;
			};
		};
/* End XCRemoteSwiftPackageReference section */

/* Begin XCSwiftPackageProductDependency section */
		47E9DF4C2C69D0A80098AA14 /* ComposableArchitecture */ = {
			isa = XCSwiftPackageProductDependency;
			package = 47E9DF4B2C69D0A80098AA14 /* XCRemoteSwiftPackageReference "swift-composable-architecture" */;
			productName = ComposableArchitecture;
		};
		47E9DF4F2C69D11E0098AA14 /* TCAComposer */ = {
			isa = XCSwiftPackageProductDependency;
			package = 47E9DF4E2C69D11E0098AA14 /* XCRemoteSwiftPackageReference "tca-composer" */;
			productName = TCAComposer;
		};
		47E9DF522C69D1600098AA14 /* ComposableArchitectureExtras */ = {
			isa = XCSwiftPackageProductDependency;
			package = 47E9DF512C69D1600098AA14 /* XCRemoteSwiftPackageReference "swift-composable-architecture-extras" */;
			productName = ComposableArchitectureExtras;
		};
/* End XCSwiftPackageProductDependency section */
	};
	rootObject = 4708051A2C69C18F00F0E759 /* Project object */;
}
